
Microsoft Visual Studio Solution File, Format Version 12.00
# Visual Studio 14
VisualStudioVersion = 14.0.25420.1
MinimumVisualStudioVersion = 10.0.40219.1
Project("{FAE04EC0-301F-11D3-BF4B-00C04F79EFBC}") = "JobPortal", "JobPortal\JobPortal.csproj", "{CC721A31-AC6D-4B51-9418-1F10C5848FF9}"
	ProjectSection(ProjectDependencies) = postProject
		{5BBE94F4-87E0-4A6C-848B-2E3BD65A3E5C} = {5BBE94F4-87E0-4A6C-848B-2E3BD65A3E5C}
	EndProjectSection
EndProject
Project("{FAE04EC0-301F-11D3-BF4B-00C04F79EFBC}") = "BusinessEntities", "BusinessEntities\BusinessEntities.csproj", "{41475518-8108-4ED7-A218-33443EFFAC5A}"
EndProject
Project("{FAE04EC0-301F-11D3-BF4B-00C04F79EFBC}") = "BusinessServices", "BusinessServices\BusinessServices.csproj", "{2126F5F5-9085-451F-803B-CF4F78DA9F21}"
EndProject
Project("{FAE04EC0-301F-11D3-BF4B-00C04F79EFBC}") = "DataModel", "DataModel\DataModel.csproj", "{5BBE94F4-87E0-4A6C-848B-2E3BD65A3E5C}"
EndProject
Global
	GlobalSection(SolutionConfigurationPlatforms) = preSolution
		Debug|Any CPU = Debug|Any CPU
		Release|Any CPU = Release|Any CPU
	EndGlobalSection
	GlobalSection(ProjectConfigurationPlatforms) = postSolution
		{CC721A31-AC6D-4B51-9418-1F10C5848FF9}.Debug|Any CPU.ActiveCfg = Debug|Any CPU
		{CC721A31-AC6D-4B51-9418-1F10C5848FF9}.Debug|Any CPU.Build.0 = Debug|Any CPU
		{CC721A31-AC6D-4B51-9418-1F10C5848FF9}.Release|Any CPU.ActiveCfg = Release|Any CPU
		{CC721A31-AC6D-4B51-9418-1F10C5848FF9}.Release|Any CPU.Build.0 = Release|Any CPU
		{41475518-8108-4ED7-A218-33443EFFAC5A}.Debug|Any CPU.ActiveCfg = Debug|Any CPU
		{41475518-8108-4ED7-A218-33443EFFAC5A}.Debug|Any CPU.Build.0 = Debug|Any CPU
		{41475518-8108-4ED7-A218-33443EFFAC5A}.Release|Any CPU.ActiveCfg = Release|Any CPU
		{41475518-8108-4ED7-A218-33443EFFAC5A}.Release|Any CPU.Build.0 = Release|Any CPU
		{2126F5F5-9085-451F-803B-CF4F78DA9F21}.Debug|Any CPU.ActiveCfg = Debug|Any CPU
		{2126F5F5-9085-451F-803B-CF4F78DA9F21}.Debug|Any CPU.Build.0 = Debug|Any CPU
		{2126F5F5-9085-451F-803B-CF4F78DA9F21}.Release|Any CPU.ActiveCfg = Release|Any CPU
		{2126F5F5-9085-451F-803B-CF4F78DA9F21}.Release|Any CPU.Build.0 = Release|Any CPU
		{5BBE94F4-87E0-4A6C-848B-2E3BD65A3E5C}.Debug|Any CPU.ActiveCfg = Debug|Any CPU
		{5BBE94F4-87E0-4A6C-848B-2E3BD65A3E5C}.Debug|Any CPU.Build.0 = Debug|Any CPU
		{5BBE94F4-87E0-4A6C-848B-2E3BD65A3E5C}.Release|Any CPU.ActiveCfg = Release|Any CPU
		{5BBE94F4-87E0-4A6C-848B-2E3BD65A3E5C}.Release|Any CPU.Build.0 = Release|Any CPU
	EndGlobalSection
	GlobalSection(SolutionProperties) = preSolution
		HideSolutionNode = FALSE
	EndGlobalSection
EndGlobal
